
Microsoft Visual Studio Solution File, Format Version 12.00
# Visual Studio Version 16
VisualStudioVersion = 16.0.31424.327
MinimumVisualStudioVersion = 10.0.40219.1
Project("{FAE04EC0-301F-11D3-BF4B-00C04F79EFBC}") = "NetCoreMVCScaffoldingCRUD", "NetCoreMVCScaffoldingCRUD\NetCoreMVCScaffoldingCRUD.csproj", "{9427C2AE-8357-42F7-826A-E399F3A8659C}"
EndProject
Project("{FAE04EC0-301F-11D3-BF4B-00C04F79EFBC}") = "NetCoreMVCCrudPractica", "NetCoreMVCCrudPractica\NetCoreMVCCrudPractica.csproj", "{B9EA3B51-0A00-4751-B5AB-B989F178D151}"
EndProject
Project("{FAE04EC0-301F-11D3-BF4B-00C04F79EFBC}") = "NetFrameWorkPracticasProgramacion", "NetFrameWorkPracticasProgramacion\NetFrameWorkPracticasProgramacion.csproj", "{14BB0576-DB04-49E9-8626-BBF45038514A}"
EndProject
Global
	GlobalSection(SolutionConfigurationPlatforms) = preSolution
		Debug|Any CPU = Debug|Any CPU
		Release|Any CPU = Release|Any CPU
	EndGlobalSection
	GlobalSection(ProjectConfigurationPlatforms) = postSolution
		{9427C2AE-8357-42F7-826A-E399F3A8659C}.Debug|Any CPU.ActiveCfg = Debug|Any CPU
		{9427C2AE-8357-42F7-826A-E399F3A8659C}.Debug|Any CPU.Build.0 = Debug|Any CPU
		{9427C2AE-8357-42F7-826A-E399F3A8659C}.Release|Any CPU.ActiveCfg = Release|Any CPU
		{9427C2AE-8357-42F7-826A-E399F3A8659C}.Release|Any CPU.Build.0 = Release|Any CPU
		{B9EA3B51-0A00-4751-B5AB-B989F178D151}.Debug|Any CPU.ActiveCfg = Debug|Any CPU
		{B9EA3B51-0A00-4751-B5AB-B989F178D151}.Debug|Any CPU.Build.0 = Debug|Any CPU
		{B9EA3B51-0A00-4751-B5AB-B989F178D151}.Release|Any CPU.ActiveCfg = Release|Any CPU
		{B9EA3B51-0A00-4751-B5AB-B989F178D151}.Release|Any CPU.Build.0 = Release|Any CPU
		{14BB0576-DB04-49E9-8626-BBF45038514A}.Debug|Any CPU.ActiveCfg = Debug|Any CPU
		{14BB0576-DB04-49E9-8626-BBF45038514A}.Debug|Any CPU.Build.0 = Debug|Any CPU
		{14BB0576-DB04-49E9-8626-BBF45038514A}.Release|Any CPU.ActiveCfg = Release|Any CPU
		{14BB0576-DB04-49E9-8626-BBF45038514A}.Release|Any CPU.Build.0 = Release|Any CPU
	EndGlobalSection
	GlobalSection(SolutionProperties) = preSolution
		HideSolutionNode = FALSE
	EndGlobalSection
	GlobalSection(ExtensibilityGlobals) = postSolution
		SolutionGuid = {E7293BB5-4BE9-4657-A757-604890E78E91}
	EndGlobalSection
EndGlobal
